
Microsoft Visual Studio Solution File, Format Version 12.00
# Visual Studio Version 17
VisualStudioVersion = 17.11.35208.52
MinimumVisualStudioVersion = 10.0.40219.1
Project("{FAE04EC0-301F-11D3-BF4B-00C04F79EFBC}") = "Module_17_Patterns_GoF, SOLID", "Module_17_Patterns_GoF, SOLID.csproj", "{496D515C-6C4A-48DA-BF1A-FB5D76F0ED08}"
EndProject
Global
	GlobalSection(SolutionConfigurationPlatforms) = preSolution
		Debug|Any CPU = Debug|Any CPU
		Release|Any CPU = Release|Any CPU
	EndGlobalSection
	GlobalSection(ProjectConfigurationPlatforms) = postSolution
		{496D515C-6C4A-48DA-BF1A-FB5D76F0ED08}.Debug|Any CPU.ActiveCfg = Debug|Any CPU
		{496D515C-6C4A-48DA-BF1A-FB5D76F0ED08}.Debug|Any CPU.Build.0 = Debug|Any CPU
		{496D515C-6C4A-48DA-BF1A-FB5D76F0ED08}.Release|Any CPU.ActiveCfg = Release|Any CPU
		{496D515C-6C4A-48DA-BF1A-FB5D76F0ED08}.Release|Any CPU.Build.0 = Release|Any CPU
	EndGlobalSection
	GlobalSection(SolutionProperties) = preSolution
		HideSolutionNode = FALSE
	EndGlobalSection
	GlobalSection(ExtensibilityGlobals) = postSolution
		SolutionGuid = {BFC2927C-3700-4545-8F09-64E5B002B23B}
	EndGlobalSection
EndGlobal
